
Microsoft Visual Studio Solution File, Format Version 12.00
# Visual Studio Version 17
VisualStudioVersion = 17.5.33424.131
MinimumVisualStudioVersion = 10.0.40219.1
Project("{FAE04EC0-301F-11D3-BF4B-00C04F79EFBC}") = "Calculadora.Atvd1", "Calculadora.Atvd1\Calculadora.Atvd1.csproj", "{4A6980F3-E548-494F-926A-B2D90EEC7A35}"
EndProject
Global
	GlobalSection(SolutionConfigurationPlatforms) = preSolution
		Debug|Any CPU = Debug|Any CPU
		Release|Any CPU = Release|Any CPU
	EndGlobalSection
	GlobalSection(ProjectConfigurationPlatforms) = postSolution
		{4A6980F3-E548-494F-926A-B2D90EEC7A35}.Debug|Any CPU.ActiveCfg = Debug|Any CPU
		{4A6980F3-E548-494F-926A-B2D90EEC7A35}.Debug|Any CPU.Build.0 = Debug|Any CPU
		{4A6980F3-E548-494F-926A-B2D90EEC7A35}.Release|Any CPU.ActiveCfg = Release|Any CPU
		{4A6980F3-E548-494F-926A-B2D90EEC7A35}.Release|Any CPU.Build.0 = Release|Any CPU
	EndGlobalSection
	GlobalSection(SolutionProperties) = preSolution
		HideSolutionNode = FALSE
	EndGlobalSection
	GlobalSection(ExtensibilityGlobals) = postSolution
		SolutionGuid = {F279A36A-5F0F-4CB7-B1C5-25280BEDF8B3}
	EndGlobalSection
EndGlobal
